
Microsoft Visual Studio Solution File, Format Version 12.00
# Visual Studio Version 17
VisualStudioVersion = 17.0.31903.59
MinimumVisualStudioVersion = 10.0.40219.1
Project("{FAE04EC0-301F-11D3-BF4B-00C04F79EFBC}") = "OneBotSdk.Net", "OneBotSdk.Net\OneBotSdk.Net.csproj", "{FCF7641A-3C72-4986-A37A-9D17895D0855}"
EndProject
Project("{FAE04EC0-301F-11D3-BF4B-00C04F79EFBC}") = "OneBotSdk.Net.Tests", "OneBotSdk.Net.Tests\OneBotSdk.Net.Tests.csproj", "{2CCF36AB-D424-4554-A1B8-F2431DDDBD50}"
EndProject
Project("{FAE04EC0-301F-11D3-BF4B-00C04F79EFBC}") = "OneBotSdk.Net.ObservableExample", "samples\OneBotSdk.Net.ObservableExample\OneBotSdk.Net.ObservableExample.csproj", "{32AA3D55-69AA-45FA-A992-4A68DAC08452}"
EndProject
Project("{FAE04EC0-301F-11D3-BF4B-00C04F79EFBC}") = "OneBotSdk.Net.EventHandlerExample", "samples\OneBotSdk.Net.EventHandlerExample\OneBotSdk.Net.EventHandlerExample.csproj", "{CD36DD51-2D97-4AE1-957B-7F862E955181}"
EndProject
Project("{FAE04EC0-301F-11D3-BF4B-00C04F79EFBC}") = "OneBotSdk.Net.HttpActionExample", "samples\OneBotSdk.Net.HttpActionExample\OneBotSdk.Net.HttpActionExample.csproj", "{C718518F-F45B-4A0B-B8E5-97A4386A2130}"
EndProject
Project("{2150E333-8FDC-42A3-9474-1A3956D46DE8}") = "samples", "samples", "{5D20AA90-6969-D8BD-9DCD-8634F4692FDA}"
EndProject
Project("{FAE04EC0-301F-11D3-BF4B-00C04F79EFBC}") = "OneBotSdk.Net.V10.ObservableExample", "samples\OneBotSdk.Net.V10.ObservableExample\OneBotSdk.Net.V10.ObservableExample.csproj", "{2E9ADF3B-1A1A-48C4-A4EB-2CFCB3DC3C43}"
EndProject
Project("{FAE04EC0-301F-11D3-BF4B-00C04F79EFBC}") = "OneBotSdk.Net.V10.EventHandlerExample", "samples\OneBotSdk.Net.V10.EventHandlerExample\OneBotSdk.Net.V10.EventHandlerExample.csproj", "{513988EF-54BE-4529-B25F-9C80CD32BD36}"
EndProject
Project("{FAE04EC0-301F-11D3-BF4B-00C04F79EFBC}") = "OneBotSdk.Net.V10.HttpActionExample", "samples\OneBotSdk.Net.V10.HttpActionExample\OneBotSdk.Net.V10.HttpActionExample.csproj", "{2CB234D0-A90B-468A-895E-8C51239D79D2}"
EndProject
Project("{FAE04EC0-301F-11D3-BF4B-00C04F79EFBC}") = "OneBotSdk.Net.V12.ObservableExample", "samples\OneBotSdk.Net.V12.ObservableExample\OneBotSdk.Net.V12.ObservableExample.csproj", "{8656B5C9-4197-4B22-BCCA-12C543DD28F0}"
EndProject
Project("{FAE04EC0-301F-11D3-BF4B-00C04F79EFBC}") = "OneBotSdk.Net.V12.EventHandlerExample", "samples\OneBotSdk.Net.V12.EventHandlerExample\OneBotSdk.Net.V12.EventHandlerExample.csproj", "{67544A5B-26D7-4027-9322-2626105A0F56}"
EndProject
Project("{FAE04EC0-301F-11D3-BF4B-00C04F79EFBC}") = "OneBotSdk.Net.V12.HttpActionExample", "samples\OneBotSdk.Net.V12.HttpActionExample\OneBotSdk.Net.V12.HttpActionExample.csproj", "{B51E11E8-B098-40DE-8DBD-608EC97E3FEA}"
EndProject
Global
	GlobalSection(SolutionConfigurationPlatforms) = preSolution
		Debug|Any CPU = Debug|Any CPU
		Debug|x64 = Debug|x64
		Debug|x86 = Debug|x86
		Release|Any CPU = Release|Any CPU
		Release|x64 = Release|x64
		Release|x86 = Release|x86
	EndGlobalSection
	GlobalSection(ProjectConfigurationPlatforms) = postSolution
		{FCF7641A-3C72-4986-A37A-9D17895D0855}.Debug|Any CPU.ActiveCfg = Debug|Any CPU
		{FCF7641A-3C72-4986-A37A-9D17895D0855}.Debug|Any CPU.Build.0 = Debug|Any CPU
		{FCF7641A-3C72-4986-A37A-9D17895D0855}.Debug|x64.ActiveCfg = Debug|Any CPU
		{FCF7641A-3C72-4986-A37A-9D17895D0855}.Debug|x64.Build.0 = Debug|Any CPU
		{FCF7641A-3C72-4986-A37A-9D17895D0855}.Debug|x86.ActiveCfg = Debug|Any CPU
		{FCF7641A-3C72-4986-A37A-9D17895D0855}.Debug|x86.Build.0 = Debug|Any CPU
		{FCF7641A-3C72-4986-A37A-9D17895D0855}.Release|Any CPU.ActiveCfg = Release|Any CPU
		{FCF7641A-3C72-4986-A37A-9D17895D0855}.Release|Any CPU.Build.0 = Release|Any CPU
		{FCF7641A-3C72-4986-A37A-9D17895D0855}.Release|x64.ActiveCfg = Release|Any CPU
		{FCF7641A-3C72-4986-A37A-9D17895D0855}.Release|x64.Build.0 = Release|Any CPU
		{FCF7641A-3C72-4986-A37A-9D17895D0855}.Release|x86.ActiveCfg = Release|Any CPU
		{FCF7641A-3C72-4986-A37A-9D17895D0855}.Release|x86.Build.0 = Release|Any CPU
		{2CCF36AB-D424-4554-A1B8-F2431DDDBD50}.Debug|Any CPU.ActiveCfg = Debug|Any CPU
		{2CCF36AB-D424-4554-A1B8-F2431DDDBD50}.Debug|Any CPU.Build.0 = Debug|Any CPU
		{2CCF36AB-D424-4554-A1B8-F2431DDDBD50}.Debug|x64.ActiveCfg = Debug|Any CPU
		{2CCF36AB-D424-4554-A1B8-F2431DDDBD50}.Debug|x64.Build.0 = Debug|Any CPU
		{2CCF36AB-D424-4554-A1B8-F2431DDDBD50}.Debug|x86.ActiveCfg = Debug|Any CPU
		{2CCF36AB-D424-4554-A1B8-F2431DDDBD50}.Debug|x86.Build.0 = Debug|Any CPU
		{2CCF36AB-D424-4554-A1B8-F2431DDDBD50}.Release|Any CPU.ActiveCfg = Release|Any CPU
		{2CCF36AB-D424-4554-A1B8-F2431DDDBD50}.Release|Any CPU.Build.0 = Release|Any CPU
		{2CCF36AB-D424-4554-A1B8-F2431DDDBD50}.Release|x64.ActiveCfg = Release|Any CPU
		{2CCF36AB-D424-4554-A1B8-F2431DDDBD50}.Release|x64.Build.0 = Release|Any CPU
		{2CCF36AB-D424-4554-A1B8-F2431DDDBD50}.Release|x86.ActiveCfg = Release|Any CPU
		{2CCF36AB-D424-4554-A1B8-F2431DDDBD50}.Release|x86.Build.0 = Release|Any CPU
		{32AA3D55-69AA-45FA-A992-4A68DAC08452}.Debug|Any CPU.ActiveCfg = Debug|Any CPU
		{32AA3D55-69AA-45FA-A992-4A68DAC08452}.Debug|Any CPU.Build.0 = Debug|Any CPU
		{32AA3D55-69AA-45FA-A992-4A68DAC08452}.Debug|x64.ActiveCfg = Debug|Any CPU
		{32AA3D55-69AA-45FA-A992-4A68DAC08452}.Debug|x64.Build.0 = Debug|Any CPU
		{32AA3D55-69AA-45FA-A992-4A68DAC08452}.Debug|x86.ActiveCfg = Debug|Any CPU
		{32AA3D55-69AA-45FA-A992-4A68DAC08452}.Debug|x86.Build.0 = Debug|Any CPU
		{32AA3D55-69AA-45FA-A992-4A68DAC08452}.Release|Any CPU.ActiveCfg = Release|Any CPU
		{32AA3D55-69AA-45FA-A992-4A68DAC08452}.Release|Any CPU.Build.0 = Release|Any CPU
		{32AA3D55-69AA-45FA-A992-4A68DAC08452}.Release|x64.ActiveCfg = Release|Any CPU
		{32AA3D55-69AA-45FA-A992-4A68DAC08452}.Release|x64.Build.0 = Release|Any CPU
		{32AA3D55-69AA-45FA-A992-4A68DAC08452}.Release|x86.ActiveCfg = Release|Any CPU
		{32AA3D55-69AA-45FA-A992-4A68DAC08452}.Release|x86.Build.0 = Release|Any CPU
		{CD36DD51-2D97-4AE1-957B-7F862E955181}.Debug|Any CPU.ActiveCfg = Debug|Any CPU
		{CD36DD51-2D97-4AE1-957B-7F862E955181}.Debug|Any CPU.Build.0 = Debug|Any CPU
		{CD36DD51-2D97-4AE1-957B-7F862E955181}.Debug|x64.ActiveCfg = Debug|Any CPU
		{CD36DD51-2D97-4AE1-957B-7F862E955181}.Debug|x64.Build.0 = Debug|Any CPU
		{CD36DD51-2D97-4AE1-957B-7F862E955181}.Debug|x86.ActiveCfg = Debug|Any CPU
		{CD36DD51-2D97-4AE1-957B-7F862E955181}.Debug|x86.Build.0 = Debug|Any CPU
		{CD36DD51-2D97-4AE1-957B-7F862E955181}.Release|Any CPU.ActiveCfg = Release|Any CPU
		{CD36DD51-2D97-4AE1-957B-7F862E955181}.Release|Any CPU.Build.0 = Release|Any CPU
		{CD36DD51-2D97-4AE1-957B-7F862E955181}.Release|x64.ActiveCfg = Release|Any CPU
		{CD36DD51-2D97-4AE1-957B-7F862E955181}.Release|x64.Build.0 = Release|Any CPU
		{CD36DD51-2D97-4AE1-957B-7F862E955181}.Release|x86.ActiveCfg = Release|Any CPU
		{CD36DD51-2D97-4AE1-957B-7F862E955181}.Release|x86.Build.0 = Release|Any CPU
		{C718518F-F45B-4A0B-B8E5-97A4386A2130}.Debug|Any CPU.ActiveCfg = Debug|Any CPU
		{C718518F-F45B-4A0B-B8E5-97A4386A2130}.Debug|Any CPU.Build.0 = Debug|Any CPU
		{C718518F-F45B-4A0B-B8E5-97A4386A2130}.Debug|x64.ActiveCfg = Debug|Any CPU
		{C718518F-F45B-4A0B-B8E5-97A4386A2130}.Debug|x64.Build.0 = Debug|Any CPU
		{C718518F-F45B-4A0B-B8E5-97A4386A2130}.Debug|x86.ActiveCfg = Debug|Any CPU
		{C718518F-F45B-4A0B-B8E5-97A4386A2130}.Debug|x86.Build.0 = Debug|Any CPU
		{C718518F-F45B-4A0B-B8E5-97A4386A2130}.Release|Any CPU.ActiveCfg = Release|Any CPU
		{C718518F-F45B-4A0B-B8E5-97A4386A2130}.Release|Any CPU.Build.0 = Release|Any CPU
		{C718518F-F45B-4A0B-B8E5-97A4386A2130}.Release|x64.ActiveCfg = Release|Any CPU
		{C718518F-F45B-4A0B-B8E5-97A4386A2130}.Release|x64.Build.0 = Release|Any CPU
		{C718518F-F45B-4A0B-B8E5-97A4386A2130}.Release|x86.ActiveCfg = Release|Any CPU
		{C718518F-F45B-4A0B-B8E5-97A4386A2130}.Release|x86.Build.0 = Release|Any CPU
		{2E9ADF3B-1A1A-48C4-A4EB-2CFCB3DC3C43}.Debug|Any CPU.ActiveCfg = Debug|Any CPU
		{2E9ADF3B-1A1A-48C4-A4EB-2CFCB3DC3C43}.Debug|Any CPU.Build.0 = Debug|Any CPU
		{2E9ADF3B-1A1A-48C4-A4EB-2CFCB3DC3C43}.Debug|x64.ActiveCfg = Debug|Any CPU
		{2E9ADF3B-1A1A-48C4-A4EB-2CFCB3DC3C43}.Debug|x64.Build.0 = Debug|Any CPU
		{2E9ADF3B-1A1A-48C4-A4EB-2CFCB3DC3C43}.Debug|x86.ActiveCfg = Debug|Any CPU
		{2E9ADF3B-1A1A-48C4-A4EB-2CFCB3DC3C43}.Debug|x86.Build.0 = Debug|Any CPU
		{2E9ADF3B-1A1A-48C4-A4EB-2CFCB3DC3C43}.Release|Any CPU.ActiveCfg = Release|Any CPU
		{2E9ADF3B-1A1A-48C4-A4EB-2CFCB3DC3C43}.Release|Any CPU.Build.0 = Release|Any CPU
		{2E9ADF3B-1A1A-48C4-A4EB-2CFCB3DC3C43}.Release|x64.ActiveCfg = Release|Any CPU
		{2E9ADF3B-1A1A-48C4-A4EB-2CFCB3DC3C43}.Release|x64.Build.0 = Release|Any CPU
		{2E9ADF3B-1A1A-48C4-A4EB-2CFCB3DC3C43}.Release|x86.ActiveCfg = Release|Any CPU
		{2E9ADF3B-1A1A-48C4-A4EB-2CFCB3DC3C43}.Release|x86.Build.0 = Release|Any CPU
		{513988EF-54BE-4529-B25F-9C80CD32BD36}.Debug|Any CPU.ActiveCfg = Debug|Any CPU
		{513988EF-54BE-4529-B25F-9C80CD32BD36}.Debug|Any CPU.Build.0 = Debug|Any CPU
		{513988EF-54BE-4529-B25F-9C80CD32BD36}.Debug|x64.ActiveCfg = Debug|Any CPU
		{513988EF-54BE-4529-B25F-9C80CD32BD36}.Debug|x64.Build.0 = Debug|Any CPU
		{513988EF-54BE-4529-B25F-9C80CD32BD36}.Debug|x86.ActiveCfg = Debug|Any CPU
		{513988EF-54BE-4529-B25F-9C80CD32BD36}.Debug|x86.Build.0 = Debug|Any CPU
		{513988EF-54BE-4529-B25F-9C80CD32BD36}.Release|Any CPU.ActiveCfg = Release|Any CPU
		{513988EF-54BE-4529-B25F-9C80CD32BD36}.Release|Any CPU.Build.0 = Release|Any CPU
		{513988EF-54BE-4529-B25F-9C80CD32BD36}.Release|x64.ActiveCfg = Release|Any CPU
		{513988EF-54BE-4529-B25F-9C80CD32BD36}.Release|x64.Build.0 = Release|Any CPU
		{513988EF-54BE-4529-B25F-9C80CD32BD36}.Release|x86.ActiveCfg = Release|Any CPU
		{513988EF-54BE-4529-B25F-9C80CD32BD36}.Release|x86.Build.0 = Release|Any CPU
		{2CB234D0-A90B-468A-895E-8C51239D79D2}.Debug|Any CPU.ActiveCfg = Debug|Any CPU
		{2CB234D0-A90B-468A-895E-8C51239D79D2}.Debug|Any CPU.Build.0 = Debug|Any CPU
		{2CB234D0-A90B-468A-895E-8C51239D79D2}.Debug|x64.ActiveCfg = Debug|Any CPU
		{2CB234D0-A90B-468A-895E-8C51239D79D2}.Debug|x64.Build.0 = Debug|Any CPU
		{2CB234D0-A90B-468A-895E-8C51239D79D2}.Debug|x86.ActiveCfg = Debug|Any CPU
		{2CB234D0-A90B-468A-895E-8C51239D79D2}.Debug|x86.Build.0 = Debug|Any CPU
		{2CB234D0-A90B-468A-895E-8C51239D79D2}.Release|Any CPU.ActiveCfg = Release|Any CPU
		{2CB234D0-A90B-468A-895E-8C51239D79D2}.Release|Any CPU.Build.0 = Release|Any CPU
		{2CB234D0-A90B-468A-895E-8C51239D79D2}.Release|x64.ActiveCfg = Release|Any CPU
		{2CB234D0-A90B-468A-895E-8C51239D79D2}.Release|x64.Build.0 = Release|Any CPU
		{2CB234D0-A90B-468A-895E-8C51239D79D2}.Release|x86.ActiveCfg = Release|Any CPU
		{2CB234D0-A90B-468A-895E-8C51239D79D2}.Release|x86.Build.0 = Release|Any CPU
		{8656B5C9-4197-4B22-BCCA-12C543DD28F0}.Debug|Any CPU.ActiveCfg = Debug|Any CPU
		{8656B5C9-4197-4B22-BCCA-12C543DD28F0}.Debug|Any CPU.Build.0 = Debug|Any CPU
		{8656B5C9-4197-4B22-BCCA-12C543DD28F0}.Debug|x64.ActiveCfg = Debug|Any CPU
		{8656B5C9-4197-4B22-BCCA-12C543DD28F0}.Debug|x64.Build.0 = Debug|Any CPU
		{8656B5C9-4197-4B22-BCCA-12C543DD28F0}.Debug|x86.ActiveCfg = Debug|Any CPU
		{8656B5C9-4197-4B22-BCCA-12C543DD28F0}.Debug|x86.Build.0 = Debug|Any CPU
		{8656B5C9-4197-4B22-BCCA-12C543DD28F0}.Release|Any CPU.ActiveCfg = Release|Any CPU
		{8656B5C9-4197-4B22-BCCA-12C543DD28F0}.Release|Any CPU.Build.0 = Release|Any CPU
		{8656B5C9-4197-4B22-BCCA-12C543DD28F0}.Release|x64.ActiveCfg = Release|Any CPU
		{8656B5C9-4197-4B22-BCCA-12C543DD28F0}.Release|x64.Build.0 = Release|Any CPU
		{8656B5C9-4197-4B22-BCCA-12C543DD28F0}.Release|x86.ActiveCfg = Release|Any CPU
		{8656B5C9-4197-4B22-BCCA-12C543DD28F0}.Release|x86.Build.0 = Release|Any CPU
		{67544A5B-26D7-4027-9322-2626105A0F56}.Debug|Any CPU.ActiveCfg = Debug|Any CPU
		{67544A5B-26D7-4027-9322-2626105A0F56}.Debug|Any CPU.Build.0 = Debug|Any CPU
		{67544A5B-26D7-4027-9322-2626105A0F56}.Debug|x64.ActiveCfg = Debug|Any CPU
		{67544A5B-26D7-4027-9322-2626105A0F56}.Debug|x64.Build.0 = Debug|Any CPU
		{67544A5B-26D7-4027-9322-2626105A0F56}.Debug|x86.ActiveCfg = Debug|Any CPU
		{67544A5B-26D7-4027-9322-2626105A0F56}.Debug|x86.Build.0 = Debug|Any CPU
		{67544A5B-26D7-4027-9322-2626105A0F56}.Release|Any CPU.ActiveCfg = Release|Any CPU
		{67544A5B-26D7-4027-9322-2626105A0F56}.Release|Any CPU.Build.0 = Release|Any CPU
		{67544A5B-26D7-4027-9322-2626105A0F56}.Release|x64.ActiveCfg = Release|Any CPU
		{67544A5B-26D7-4027-9322-2626105A0F56}.Release|x64.Build.0 = Release|Any CPU
		{67544A5B-26D7-4027-9322-2626105A0F56}.Release|x86.ActiveCfg = Release|Any CPU
		{67544A5B-26D7-4027-9322-2626105A0F56}.Release|x86.Build.0 = Release|Any CPU
		{B51E11E8-B098-40DE-8DBD-608EC97E3FEA}.Debug|Any CPU.ActiveCfg = Debug|Any CPU
		{B51E11E8-B098-40DE-8DBD-608EC97E3FEA}.Debug|Any CPU.Build.0 = Debug|Any CPU
		{B51E11E8-B098-40DE-8DBD-608EC97E3FEA}.Debug|x64.ActiveCfg = Debug|Any CPU
		{B51E11E8-B098-40DE-8DBD-608EC97E3FEA}.Debug|x64.Build.0 = Debug|Any CPU
		{B51E11E8-B098-40DE-8DBD-608EC97E3FEA}.Debug|x86.ActiveCfg = Debug|Any CPU
		{B51E11E8-B098-40DE-8DBD-608EC97E3FEA}.Debug|x86.Build.0 = Debug|Any CPU
		{B51E11E8-B098-40DE-8DBD-608EC97E3FEA}.Release|Any CPU.ActiveCfg = Release|Any CPU
		{B51E11E8-B098-40DE-8DBD-608EC97E3FEA}.Release|Any CPU.Build.0 = Release|Any CPU
		{B51E11E8-B098-40DE-8DBD-608EC97E3FEA}.Release|x64.ActiveCfg = Release|Any CPU
		{B51E11E8-B098-40DE-8DBD-608EC97E3FEA}.Release|x64.Build.0 = Release|Any CPU
		{B51E11E8-B098-40DE-8DBD-608EC97E3FEA}.Release|x86.ActiveCfg = Release|Any CPU
		{B51E11E8-B098-40DE-8DBD-608EC97E3FEA}.Release|x86.Build.0 = Release|Any CPU
	EndGlobalSection
	GlobalSection(SolutionProperties) = preSolution
		HideSolutionNode = FALSE
	EndGlobalSection
	GlobalSection(NestedProjects) = preSolution
		{32AA3D55-69AA-45FA-A992-4A68DAC08452} = {5D20AA90-6969-D8BD-9DCD-8634F4692FDA}
		{CD36DD51-2D97-4AE1-957B-7F862E955181} = {5D20AA90-6969-D8BD-9DCD-8634F4692FDA}
		{C718518F-F45B-4A0B-B8E5-97A4386A2130} = {5D20AA90-6969-D8BD-9DCD-8634F4692FDA}
		{2E9ADF3B-1A1A-48C4-A4EB-2CFCB3DC3C43} = {5D20AA90-6969-D8BD-9DCD-8634F4692FDA}
		{513988EF-54BE-4529-B25F-9C80CD32BD36} = {5D20AA90-6969-D8BD-9DCD-8634F4692FDA}
		{2CB234D0-A90B-468A-895E-8C51239D79D2} = {5D20AA90-6969-D8BD-9DCD-8634F4692FDA}
		{8656B5C9-4197-4B22-BCCA-12C543DD28F0} = {5D20AA90-6969-D8BD-9DCD-8634F4692FDA}
		{67544A5B-26D7-4027-9322-2626105A0F56} = {5D20AA90-6969-D8BD-9DCD-8634F4692FDA}
		{B51E11E8-B098-40DE-8DBD-608EC97E3FEA} = {5D20AA90-6969-D8BD-9DCD-8634F4692FDA}
	EndGlobalSection
EndGlobal
